
Microsoft Visual Studio Solution File, Format Version 12.00
# Visual Studio Version 17
VisualStudioVersion = 17.7.34009.444
MinimumVisualStudioVersion = 10.0.40219.1
Project("{9A19103F-16F7-4668-BE54-9A1E7A4F7556}") = "ToDoList.Entities", "..\..\github\azure\projects\distributed\src\entities\ToDoList.Entities.csproj", "{93D0A966-E740-4EC9-B978-FAB9E8CEA75A}"
EndProject
Project("{9A19103F-16F7-4668-BE54-9A1E7A4F7556}") = "ToDoList.Logging", "..\..\github\azure\projects\distributed\src\logging\ToDoList.Logging.csproj", "{EB614B9B-09F3-406A-993E-075266EDAEB8}"
EndProject
Project("{9A19103F-16F7-4668-BE54-9A1E7A4F7556}") = "ToDoList.Messaging", "..\..\github\azure\projects\distributed\src\messaging\ToDoList.Messaging.csproj", "{C1ACEB96-D710-4598-95DF-337C41C02117}"
EndProject
Project("{9A19103F-16F7-4668-BE54-9A1E7A4F7556}") = "ToDoList.Model", "..\..\github\azure\projects\distributed\src\model\ToDoList.Model.csproj", "{CA34597A-78A8-45C6-9FC2-3D264C579BC0}"
EndProject
Project("{9A19103F-16F7-4668-BE54-9A1E7A4F7556}") = "ToDoList.SaveHandler", "..\..\github\azure\projects\distributed\src\save-handler\ToDoList.SaveHandler.csproj", "{822A7719-8A76-4C5F-BC10-60E70A5A4593}"
EndProject
Project("{9A19103F-16F7-4668-BE54-9A1E7A4F7556}") = "ToDoList", "..\..\github\azure\projects\distributed\src\web\ToDoList.csproj", "{7CF450CC-2BDA-43B9-904A-E4D41E4434DE}"
EndProject
Global
	GlobalSection(SolutionConfigurationPlatforms) = preSolution
		Debug|Any CPU = Debug|Any CPU
		Release|Any CPU = Release|Any CPU
	EndGlobalSection
	GlobalSection(ProjectConfigurationPlatforms) = postSolution
		{93D0A966-E740-4EC9-B978-FAB9E8CEA75A}.Debug|Any CPU.ActiveCfg = Debug|Any CPU
		{93D0A966-E740-4EC9-B978-FAB9E8CEA75A}.Debug|Any CPU.Build.0 = Debug|Any CPU
		{93D0A966-E740-4EC9-B978-FAB9E8CEA75A}.Release|Any CPU.ActiveCfg = Release|Any CPU
		{93D0A966-E740-4EC9-B978-FAB9E8CEA75A}.Release|Any CPU.Build.0 = Release|Any CPU
		{EB614B9B-09F3-406A-993E-075266EDAEB8}.Debug|Any CPU.ActiveCfg = Debug|Any CPU
		{EB614B9B-09F3-406A-993E-075266EDAEB8}.Debug|Any CPU.Build.0 = Debug|Any CPU
		{EB614B9B-09F3-406A-993E-075266EDAEB8}.Release|Any CPU.ActiveCfg = Release|Any CPU
		{EB614B9B-09F3-406A-993E-075266EDAEB8}.Release|Any CPU.Build.0 = Release|Any CPU
		{C1ACEB96-D710-4598-95DF-337C41C02117}.Debug|Any CPU.ActiveCfg = Debug|Any CPU
		{C1ACEB96-D710-4598-95DF-337C41C02117}.Debug|Any CPU.Build.0 = Debug|Any CPU
		{C1ACEB96-D710-4598-95DF-337C41C02117}.Release|Any CPU.ActiveCfg = Release|Any CPU
		{C1ACEB96-D710-4598-95DF-337C41C02117}.Release|Any CPU.Build.0 = Release|Any CPU
		{CA34597A-78A8-45C6-9FC2-3D264C579BC0}.Debug|Any CPU.ActiveCfg = Debug|Any CPU
		{CA34597A-78A8-45C6-9FC2-3D264C579BC0}.Debug|Any CPU.Build.0 = Debug|Any CPU
		{CA34597A-78A8-45C6-9FC2-3D264C579BC0}.Release|Any CPU.ActiveCfg = Release|Any CPU
		{CA34597A-78A8-45C6-9FC2-3D264C579BC0}.Release|Any CPU.Build.0 = Release|Any CPU
		{822A7719-8A76-4C5F-BC10-60E70A5A4593}.Debug|Any CPU.ActiveCfg = Debug|Any CPU
		{822A7719-8A76-4C5F-BC10-60E70A5A4593}.Debug|Any CPU.Build.0 = Debug|Any CPU
		{822A7719-8A76-4C5F-BC10-60E70A5A4593}.Release|Any CPU.ActiveCfg = Release|Any CPU
		{822A7719-8A76-4C5F-BC10-60E70A5A4593}.Release|Any CPU.Build.0 = Release|Any CPU
		{7CF450CC-2BDA-43B9-904A-E4D41E4434DE}.Debug|Any CPU.ActiveCfg = Debug|Any CPU
		{7CF450CC-2BDA-43B9-904A-E4D41E4434DE}.Debug|Any CPU.Build.0 = Debug|Any CPU
		{7CF450CC-2BDA-43B9-904A-E4D41E4434DE}.Release|Any CPU.ActiveCfg = Release|Any CPU
		{7CF450CC-2BDA-43B9-904A-E4D41E4434DE}.Release|Any CPU.Build.0 = Release|Any CPU
	EndGlobalSection
	GlobalSection(SolutionProperties) = preSolution
		HideSolutionNode = FALSE
	EndGlobalSection
	GlobalSection(ExtensibilityGlobals) = postSolution
		SolutionGuid = {C4F7E5BF-F54D-460F-84F4-610A37981FFB}
	EndGlobalSection
EndGlobal
